# This file is generated by running "yarn install" inside your project.
# Manual changes might be lost - proceed with caution!

__metadata:
  version: 6
  cacheKey: 8

"@actions/core@npm:^1.6.0":
  version: 1.6.0
  resolution: "@actions/core@npm:1.6.0"
  dependencies:
    "@actions/http-client": ^1.0.11
  checksum: ac4689b6095110546d771f15388173c5e4ff3f808a9cadca2089df5e92b8c81e8ee32c47a38b7ab9dc9e690bac4be71561a73fec631547dfa57ee9b7ff7dc6d7
  languageName: node
  linkType: hard

"@actions/http-client@npm:^1.0.11":
  version: 1.0.11
  resolution: "@actions/http-client@npm:1.0.11"
  dependencies:
    tunnel: 0.0.6
  checksum: 2c72834ec36a121ae95d2cb61fd28234eae2ab265a2aefe857a9eeb788ea77b284ad727ecd3c67fefd1920d5f2800b6c1ba6916b39d44f81f293b4b0020d367c
  languageName: node
  linkType: hard

"@alicloud/pop-core@npm:^1.7.10":
  version: 1.7.10
  resolution: "@alicloud/pop-core@npm:1.7.10"
  dependencies:
    debug: ^3.1.0
    httpx: ^2.1.2
    json-bigint: ^1.0.0
    kitx: ^1.2.1
    xml2js: ^0.4.17
  checksum: 18e63ac207df5facc99d902e0248aa91299b12448a7b802ed1d6e8fea22831140825604aeb6510f729d2c0dd9917cf73b15521766e8c062df6f4c5be472d3041
  languageName: node
  linkType: hard

"@types/node@npm:^14":
  version: 14.17.27
  resolution: "@types/node@npm:14.17.27"
  checksum: 4f7eeaa329f4b2b9ff4bb0bb4582ad92e328a4e66f62d5b96ac4e3b51210ed092bb56726c30643beb860f6df633a29e08ed94adad2d573c85b4794d0bf0bbc06
  languageName: node
  linkType: hard

"bignumber.js@npm:^9.0.0":
  version: 9.0.1
  resolution: "bignumber.js@npm:9.0.1"
  checksum: 6e72f6069d9db32fc8d27561164de9f811b15f9144be61f323d8b36150a239eea50c92e20ba38af2ba5e717af10b8ef12db8f9948fe2ff02bf17ede5239d15d3
  languageName: node
  linkType: hard

"debug@npm:^3.1.0":
  version: 3.2.7
  resolution: "debug@npm:3.2.7"
  dependencies:
    ms: ^2.1.1
  checksum: b3d8c5940799914d30314b7c3304a43305fd0715581a919dacb8b3176d024a782062368405b47491516d2091d6462d4d11f2f4974a405048094f8bfebfa3071c
  languageName: node
  linkType: hard

"debug@npm:^4.1.1":
  version: 4.3.2
  resolution: "debug@npm:4.3.2"
  dependencies:
    ms: 2.1.2
  peerDependenciesMeta:
    supports-color:
      optional: true
  checksum: 820ea160e267e23c953c9ed87e7ad93494d8cda2f7349af5e7e3bb236d23707ee3022f477d5a7d2ee86ef2bf7d60aa9ab22d1f58080d7deb9dccd073585e1e43
  languageName: node
  linkType: hard

"deploy-certificate-to-aliyun@workspace:.":
  version: 0.0.0-use.local
  resolution: "deploy-certificate-to-aliyun@workspace:."
  dependencies:
    "@actions/core": ^1.6.0
    "@alicloud/pop-core": ^1.7.10
  languageName: unknown
  linkType: soft

"httpx@npm:^2.1.2":
  version: 2.2.7
  resolution: "httpx@npm:2.2.7"
  dependencies:
    "@types/node": ^14
    debug: ^4.1.1
  checksum: 3fd62e94dd2dbef48ffdbfd30962e7b258a1638f41f0fbdc07e245282e263fee1ce1f4f3fa6fd66fcee30af5f2fa7a8b0cf4ce97210f92094b68ebc65e9e728e
  languageName: node
  linkType: hard

"json-bigint@npm:^1.0.0":
  version: 1.0.0
  resolution: "json-bigint@npm:1.0.0"
  dependencies:
    bignumber.js: ^9.0.0
  checksum: c67bb93ccb3c291e60eb4b62931403e378906aab113ec1c2a8dd0f9a7f065ad6fd9713d627b732abefae2e244ac9ce1721c7a3142b2979532f12b258634ce6f6
  languageName: node
  linkType: hard

"kitx@npm:^1.2.1":
  version: 1.3.0
  resolution: "kitx@npm:1.3.0"
  checksum: ec98c76d4c125bebc25b4625a95fe92ba187ba4f4d581129a90fc4834a8bcf01a3198eefd5b8b5f093cddc30d82eb805ec8acc9ffaa6f4c10cc76a02b7d7e6fc
  languageName: node
  linkType: hard

"ms@npm:2.1.2":
  version: 2.1.2
  resolution: "ms@npm:2.1.2"
  checksum: 673cdb2c3133eb050c745908d8ce632ed2c02d85640e2edb3ace856a2266a813b30c613569bf3354fdf4ea7d1a1494add3bfa95e2713baa27d0c2c71fc44f58f
  languageName: node
  linkType: hard

"ms@npm:^2.1.1":
  version: 2.1.3
  resolution: "ms@npm:2.1.3"
  checksum: aa92de608021b242401676e35cfa5aa42dd70cbdc082b916da7fb925c542173e36bce97ea3e804923fe92c0ad991434e4a38327e15a1b5b5f945d66df615ae6d
  languageName: node
  linkType: hard

"sax@npm:>=0.6.0":
  version: 1.2.4
  resolution: "sax@npm:1.2.4"
  checksum: d3df7d32b897a2c2f28e941f732c71ba90e27c24f62ee918bd4d9a8cfb3553f2f81e5493c7f0be94a11c1911b643a9108f231dd6f60df3fa9586b5d2e3e9e1fe
  languageName: node
  linkType: hard

"tunnel@npm:0.0.6":
  version: 0.0.6
  resolution: "tunnel@npm:0.0.6"
  checksum: c362948df9ad34b649b5585e54ce2838fa583aa3037091aaed66793c65b423a264e5229f0d7e9a95513a795ac2bd4cb72cda7e89a74313f182c1e9ae0b0994fa
  languageName: node
  linkType: hard

"xml2js@npm:^0.4.17":
  version: 0.4.23
  resolution: "xml2js@npm:0.4.23"
  dependencies:
    sax: ">=0.6.0"
    xmlbuilder: ~11.0.0
  checksum: ca0cf2dfbf6deeaae878a891c8fbc0db6fd04398087084edf143cdc83d0509ad0fe199b890f62f39c4415cf60268a27a6aed0d343f0658f8779bd7add690fa98
  languageName: node
  linkType: hard

"xmlbuilder@npm:~11.0.0":
  version: 11.0.1
  resolution: "xmlbuilder@npm:11.0.1"
  checksum: 7152695e16f1a9976658215abab27e55d08b1b97bca901d58b048d2b6e106b5af31efccbdecf9b07af37c8377d8e7e821b494af10b3a68b0ff4ae60331b415b0
  languageName: node
  linkType: hard
